
Microsoft Visual Studio Solution File, Format Version 12.00
# Visual Studio Version 17
VisualStudioVersion = 17.0.32014.148
MinimumVisualStudioVersion = 10.0.40219.1
Project("{FAE04EC0-301F-11D3-BF4B-00C04F79EFBC}") = "FileManagerApp", "FileManagerApp\FileManagerApp.csproj", "{942A593C-2AF7-4D92-AE6B-29F582FBBAC8}"
EndProject
Project("{9A19103F-16F7-4668-BE54-9A1E7A4F7556}") = "FileManagerUtils", "FileManagerUtils\FileManagerUtils.csproj", "{497416E5-0C54-4B84-B3FF-830B72BAFB13}"
EndProject
Project("{9A19103F-16F7-4668-BE54-9A1E7A4F7556}") = "FileManagerData", "FileManagerData\FileManagerData.csproj", "{146FCC6E-30B4-4105-9FBE-CFCA61B51378}"
EndProject
Project("{9A19103F-16F7-4668-BE54-9A1E7A4F7556}") = "FileManagerDTO", "FileManagerDTO\FileManagerDTO.csproj", "{FFC3934C-8CE6-4A36-A8C1-DDD6B5830548}"
EndProject
Project("{FAE04EC0-301F-11D3-BF4B-00C04F79EFBC}") = "FileManagerBussinessLogic", "FileManagerBussinessLogic\FileManagerBussinessLogic.csproj", "{241FDADE-0266-414D-AEC2-C7A399567A29}"
EndProject
Global
	GlobalSection(SolutionConfigurationPlatforms) = preSolution
		Debug|Any CPU = Debug|Any CPU
		Release|Any CPU = Release|Any CPU
	EndGlobalSection
	GlobalSection(ProjectConfigurationPlatforms) = postSolution
		{942A593C-2AF7-4D92-AE6B-29F582FBBAC8}.Debug|Any CPU.ActiveCfg = Debug|Any CPU
		{942A593C-2AF7-4D92-AE6B-29F582FBBAC8}.Debug|Any CPU.Build.0 = Debug|Any CPU
		{942A593C-2AF7-4D92-AE6B-29F582FBBAC8}.Release|Any CPU.ActiveCfg = Release|Any CPU
		{942A593C-2AF7-4D92-AE6B-29F582FBBAC8}.Release|Any CPU.Build.0 = Release|Any CPU
		{497416E5-0C54-4B84-B3FF-830B72BAFB13}.Debug|Any CPU.ActiveCfg = Debug|Any CPU
		{497416E5-0C54-4B84-B3FF-830B72BAFB13}.Debug|Any CPU.Build.0 = Debug|Any CPU
		{497416E5-0C54-4B84-B3FF-830B72BAFB13}.Release|Any CPU.ActiveCfg = Release|Any CPU
		{497416E5-0C54-4B84-B3FF-830B72BAFB13}.Release|Any CPU.Build.0 = Release|Any CPU
		{146FCC6E-30B4-4105-9FBE-CFCA61B51378}.Debug|Any CPU.ActiveCfg = Debug|Any CPU
		{146FCC6E-30B4-4105-9FBE-CFCA61B51378}.Debug|Any CPU.Build.0 = Debug|Any CPU
		{146FCC6E-30B4-4105-9FBE-CFCA61B51378}.Release|Any CPU.ActiveCfg = Release|Any CPU
		{146FCC6E-30B4-4105-9FBE-CFCA61B51378}.Release|Any CPU.Build.0 = Release|Any CPU
		{FFC3934C-8CE6-4A36-A8C1-DDD6B5830548}.Debug|Any CPU.ActiveCfg = Debug|Any CPU
		{FFC3934C-8CE6-4A36-A8C1-DDD6B5830548}.Debug|Any CPU.Build.0 = Debug|Any CPU
		{FFC3934C-8CE6-4A36-A8C1-DDD6B5830548}.Release|Any CPU.ActiveCfg = Release|Any CPU
		{FFC3934C-8CE6-4A36-A8C1-DDD6B5830548}.Release|Any CPU.Build.0 = Release|Any CPU
		{241FDADE-0266-414D-AEC2-C7A399567A29}.Debug|Any CPU.ActiveCfg = Debug|Any CPU
		{241FDADE-0266-414D-AEC2-C7A399567A29}.Debug|Any CPU.Build.0 = Debug|Any CPU
		{241FDADE-0266-414D-AEC2-C7A399567A29}.Release|Any CPU.ActiveCfg = Release|Any CPU
		{241FDADE-0266-414D-AEC2-C7A399567A29}.Release|Any CPU.Build.0 = Release|Any CPU
	EndGlobalSection
	GlobalSection(SolutionProperties) = preSolution
		HideSolutionNode = FALSE
	EndGlobalSection
	GlobalSection(ExtensibilityGlobals) = postSolution
		SolutionGuid = {CC5B64D8-F3BF-4D32-BF34-5ED0EC4550DC}
	EndGlobalSection
EndGlobal
